{
  "originHash" : "9d0bd9ad01e4f2679a6b4f70958b075c0cbcb6fa373763bec83a2a45773ab533",
  "pins" : [
    {
      "identity" : "webui",
      "kind" : "remoteSourceControl",
      "location" : "https://github.com/cybozu/WebUI",
      "state" : {
        "revision" : "6a33019e41dc1843679f2c3f17b3956526e37b0a",
        "version" : "4.5.0"
      }
    }
  ],
  "version" : 3
}
